
Microsoft Visual Studio Solution File, Format Version 12.00
# Visual Studio 15
VisualStudioVersion = 15.0.27130.2036
MinimumVisualStudioVersion = 10.0.40219.1
Project("{FAE04EC0-301F-11D3-BF4B-00C04F79EFBC}") = "HelloMaYue!", "HelloMaYue!\HelloMaYue!.csproj", "{0FDA0F87-5850-4CC9-AAE9-7FD8796D32BC}"
EndProject
Global
	GlobalSection(SolutionConfigurationPlatforms) = preSolution
		Debug|Any CPU = Debug|Any CPU
		Release|Any CPU = Release|Any CPU
	EndGlobalSection
	GlobalSection(ProjectConfigurationPlatforms) = postSolution
		{0FDA0F87-5850-4CC9-AAE9-7FD8796D32BC}.Debug|Any CPU.ActiveCfg = Debug|Any CPU
		{0FDA0F87-5850-4CC9-AAE9-7FD8796D32BC}.Debug|Any CPU.Build.0 = Debug|Any CPU
		{0FDA0F87-5850-4CC9-AAE9-7FD8796D32BC}.Release|Any CPU.ActiveCfg = Release|Any CPU
		{0FDA0F87-5850-4CC9-AAE9-7FD8796D32BC}.Release|Any CPU.Build.0 = Release|Any CPU
	EndGlobalSection
	GlobalSection(SolutionProperties) = preSolution
		HideSolutionNode = FALSE
	EndGlobalSection
	GlobalSection(ExtensibilityGlobals) = postSolution
		SolutionGuid = {5F419CC7-804B-40C3-9F43-F704F2B688A5}
	EndGlobalSection
EndGlobal
