
Microsoft Visual Studio Solution File, Format Version 12.00
# Visual Studio 15
VisualStudioVersion = 15.0.27130.2036
MinimumVisualStudioVersion = 10.0.40219.1
Project("{FAE04EC0-301F-11D3-BF4B-00C04F79EFBC}") = "ImproveFind", "ImproveFind\ImproveFind.csproj", "{1B4C41D1-0742-4B4A-8A96-E761B92D5730}"
EndProject
Global
	GlobalSection(SolutionConfigurationPlatforms) = preSolution
		Debug|Any CPU = Debug|Any CPU
		Release|Any CPU = Release|Any CPU
	EndGlobalSection
	GlobalSection(ProjectConfigurationPlatforms) = postSolution
		{1B4C41D1-0742-4B4A-8A96-E761B92D5730}.Debug|Any CPU.ActiveCfg = Debug|Any CPU
		{1B4C41D1-0742-4B4A-8A96-E761B92D5730}.Debug|Any CPU.Build.0 = Debug|Any CPU
		{1B4C41D1-0742-4B4A-8A96-E761B92D5730}.Release|Any CPU.ActiveCfg = Release|Any CPU
		{1B4C41D1-0742-4B4A-8A96-E761B92D5730}.Release|Any CPU.Build.0 = Release|Any CPU
	EndGlobalSection
	GlobalSection(SolutionProperties) = preSolution
		HideSolutionNode = FALSE
	EndGlobalSection
	GlobalSection(ExtensibilityGlobals) = postSolution
		SolutionGuid = {80876BA6-4275-4C4F-8775-75561841F331}
	EndGlobalSection
EndGlobal
