
Microsoft Visual Studio Solution File, Format Version 12.00
# Visual Studio 15
VisualStudioVersion = 15.0.27130.2036
MinimumVisualStudioVersion = 10.0.40219.1
Project("{FAE04EC0-301F-11D3-BF4B-00C04F79EFBC}") = "PracticeGDI", "PracticeGDI\PracticeGDI.csproj", "{EFF7A4FF-745B-48DD-B38D-1D21C03216A3}"
EndProject
Global
	GlobalSection(SolutionConfigurationPlatforms) = preSolution
		Debug|Any CPU = Debug|Any CPU
		Release|Any CPU = Release|Any CPU
	EndGlobalSection
	GlobalSection(ProjectConfigurationPlatforms) = postSolution
		{EFF7A4FF-745B-48DD-B38D-1D21C03216A3}.Debug|Any CPU.ActiveCfg = Debug|Any CPU
		{EFF7A4FF-745B-48DD-B38D-1D21C03216A3}.Debug|Any CPU.Build.0 = Debug|Any CPU
		{EFF7A4FF-745B-48DD-B38D-1D21C03216A3}.Release|Any CPU.ActiveCfg = Release|Any CPU
		{EFF7A4FF-745B-48DD-B38D-1D21C03216A3}.Release|Any CPU.Build.0 = Release|Any CPU
	EndGlobalSection
	GlobalSection(SolutionProperties) = preSolution
		HideSolutionNode = FALSE
	EndGlobalSection
	GlobalSection(ExtensibilityGlobals) = postSolution
		SolutionGuid = {2F18A1D1-9D84-48F4-BDA8-34FEED930067}
	EndGlobalSection
EndGlobal
