
Microsoft Visual Studio Solution File, Format Version 12.00
# Visual Studio 14
VisualStudioVersion = 14.0.22823.1
MinimumVisualStudioVersion = 10.0.40219.1
Project("{FAE04EC0-301F-11D3-BF4B-00C04F79EFBC}") = "BegVCSharp_20_6_LargeNumberQuery", "BegVCSharp_20_6_LargeNumberQuery\BegVCSharp_20_6_LargeNumberQuery.csproj", "{34988642-AAE3-4F37-8A3F-D56FC2CAAB19}"
EndProject
Global
	GlobalSection(SolutionConfigurationPlatforms) = preSolution
		Debug|Any CPU = Debug|Any CPU
		Release|Any CPU = Release|Any CPU
	EndGlobalSection
	GlobalSection(ProjectConfigurationPlatforms) = postSolution
		{34988642-AAE3-4F37-8A3F-D56FC2CAAB19}.Debug|Any CPU.ActiveCfg = Debug|Any CPU
		{34988642-AAE3-4F37-8A3F-D56FC2CAAB19}.Debug|Any CPU.Build.0 = Debug|Any CPU
		{34988642-AAE3-4F37-8A3F-D56FC2CAAB19}.Release|Any CPU.ActiveCfg = Release|Any CPU
		{34988642-AAE3-4F37-8A3F-D56FC2CAAB19}.Release|Any CPU.Build.0 = Release|Any CPU
	EndGlobalSection
	GlobalSection(SolutionProperties) = preSolution
		HideSolutionNode = FALSE
	EndGlobalSection
EndGlobal
