
Microsoft Visual Studio Solution File, Format Version 12.00
# Visual Studio 15
VisualStudioVersion = 15.0.27130.2036
MinimumVisualStudioVersion = 10.0.40219.1
Project("{FAE04EC0-301F-11D3-BF4B-00C04F79EFBC}") = "MyBricks", "MyBricks\MyBricks.csproj", "{C8B9C6F1-5633-4A99-B86F-FA8A7C13B3C2}"
EndProject
Global
	GlobalSection(SolutionConfigurationPlatforms) = preSolution
		Debug|Any CPU = Debug|Any CPU
		Release|Any CPU = Release|Any CPU
	EndGlobalSection
	GlobalSection(ProjectConfigurationPlatforms) = postSolution
		{C8B9C6F1-5633-4A99-B86F-FA8A7C13B3C2}.Debug|Any CPU.ActiveCfg = Debug|Any CPU
		{C8B9C6F1-5633-4A99-B86F-FA8A7C13B3C2}.Debug|Any CPU.Build.0 = Debug|Any CPU
		{C8B9C6F1-5633-4A99-B86F-FA8A7C13B3C2}.Release|Any CPU.ActiveCfg = Release|Any CPU
		{C8B9C6F1-5633-4A99-B86F-FA8A7C13B3C2}.Release|Any CPU.Build.0 = Release|Any CPU
	EndGlobalSection
	GlobalSection(SolutionProperties) = preSolution
		HideSolutionNode = FALSE
	EndGlobalSection
	GlobalSection(ExtensibilityGlobals) = postSolution
		SolutionGuid = {18BAC48C-4DE5-436D-8AFA-B814E20585C0}
	EndGlobalSection
EndGlobal
