
Microsoft Visual Studio Solution File, Format Version 12.00
# Visual Studio 15
VisualStudioVersion = 15.0.27130.2036
MinimumVisualStudioVersion = 10.0.40219.1
Project("{FAE04EC0-301F-11D3-BF4B-00C04F79EFBC}") = "SearchFiles", "SearchFiles\SearchFiles.csproj", "{85302A51-6871-491C-81E8-B94D70556668}"
EndProject
Global
	GlobalSection(SolutionConfigurationPlatforms) = preSolution
		Debug|Any CPU = Debug|Any CPU
		Release|Any CPU = Release|Any CPU
	EndGlobalSection
	GlobalSection(ProjectConfigurationPlatforms) = postSolution
		{85302A51-6871-491C-81E8-B94D70556668}.Debug|Any CPU.ActiveCfg = Debug|Any CPU
		{85302A51-6871-491C-81E8-B94D70556668}.Debug|Any CPU.Build.0 = Debug|Any CPU
		{85302A51-6871-491C-81E8-B94D70556668}.Release|Any CPU.ActiveCfg = Release|Any CPU
		{85302A51-6871-491C-81E8-B94D70556668}.Release|Any CPU.Build.0 = Release|Any CPU
	EndGlobalSection
	GlobalSection(SolutionProperties) = preSolution
		HideSolutionNode = FALSE
	EndGlobalSection
	GlobalSection(ExtensibilityGlobals) = postSolution
		SolutionGuid = {7A7CBC8C-A7F4-408D-A410-189248859418}
	EndGlobalSection
EndGlobal
