
Microsoft Visual Studio Solution File, Format Version 12.00
# Visual Studio 15
VisualStudioVersion = 15.0.27130.2036
MinimumVisualStudioVersion = 10.0.40219.1
Project("{FAE04EC0-301F-11D3-BF4B-00C04F79EFBC}") = "RemoveTheBrickHappily", "RemoveTheBrickHappily\RemoveTheBrickHappily.csproj", "{B3F1C141-B170-4D12-8AAD-AEBEC3639209}"
EndProject
Global
	GlobalSection(SolutionConfigurationPlatforms) = preSolution
		Debug|Any CPU = Debug|Any CPU
		Release|Any CPU = Release|Any CPU
	EndGlobalSection
	GlobalSection(ProjectConfigurationPlatforms) = postSolution
		{B3F1C141-B170-4D12-8AAD-AEBEC3639209}.Debug|Any CPU.ActiveCfg = Debug|Any CPU
		{B3F1C141-B170-4D12-8AAD-AEBEC3639209}.Debug|Any CPU.Build.0 = Debug|Any CPU
		{B3F1C141-B170-4D12-8AAD-AEBEC3639209}.Release|Any CPU.ActiveCfg = Release|Any CPU
		{B3F1C141-B170-4D12-8AAD-AEBEC3639209}.Release|Any CPU.Build.0 = Release|Any CPU
	EndGlobalSection
	GlobalSection(SolutionProperties) = preSolution
		HideSolutionNode = FALSE
	EndGlobalSection
	GlobalSection(ExtensibilityGlobals) = postSolution
		SolutionGuid = {825D120D-0831-4322-8C44-2D587507960A}
	EndGlobalSection
EndGlobal
