
Microsoft Visual Studio Solution File, Format Version 12.00
# Visual Studio 15
VisualStudioVersion = 15.0.27130.2036
MinimumVisualStudioVersion = 10.0.40219.1
Project("{FAE04EC0-301F-11D3-BF4B-00C04F79EFBC}") = "Time", "Time\Time.csproj", "{18AE47F5-B58B-449F-B31D-E1C0E7AF40CB}"
EndProject
Global
	GlobalSection(SolutionConfigurationPlatforms) = preSolution
		Debug|Any CPU = Debug|Any CPU
		Release|Any CPU = Release|Any CPU
	EndGlobalSection
	GlobalSection(ProjectConfigurationPlatforms) = postSolution
		{18AE47F5-B58B-449F-B31D-E1C0E7AF40CB}.Debug|Any CPU.ActiveCfg = Debug|Any CPU
		{18AE47F5-B58B-449F-B31D-E1C0E7AF40CB}.Debug|Any CPU.Build.0 = Debug|Any CPU
		{18AE47F5-B58B-449F-B31D-E1C0E7AF40CB}.Release|Any CPU.ActiveCfg = Release|Any CPU
		{18AE47F5-B58B-449F-B31D-E1C0E7AF40CB}.Release|Any CPU.Build.0 = Release|Any CPU
	EndGlobalSection
	GlobalSection(SolutionProperties) = preSolution
		HideSolutionNode = FALSE
	EndGlobalSection
	GlobalSection(ExtensibilityGlobals) = postSolution
		SolutionGuid = {DDBFB50A-3EE3-4F81-B2BA-D9B45B830B85}
	EndGlobalSection
EndGlobal
