
Microsoft Visual Studio Solution File, Format Version 12.00
# Visual Studio 15
VisualStudioVersion = 15.0.27130.2036
MinimumVisualStudioVersion = 10.0.40219.1
Project("{FAE04EC0-301F-11D3-BF4B-00C04F79EFBC}") = "Demol4", "Demol4\Demol4.csproj", "{23B97EF6-16B9-41CB-B1DA-067CA92ECB09}"
EndProject
Global
	GlobalSection(SolutionConfigurationPlatforms) = preSolution
		Debug|Any CPU = Debug|Any CPU
		Release|Any CPU = Release|Any CPU
	EndGlobalSection
	GlobalSection(ProjectConfigurationPlatforms) = postSolution
		{23B97EF6-16B9-41CB-B1DA-067CA92ECB09}.Debug|Any CPU.ActiveCfg = Debug|Any CPU
		{23B97EF6-16B9-41CB-B1DA-067CA92ECB09}.Debug|Any CPU.Build.0 = Debug|Any CPU
		{23B97EF6-16B9-41CB-B1DA-067CA92ECB09}.Release|Any CPU.ActiveCfg = Release|Any CPU
		{23B97EF6-16B9-41CB-B1DA-067CA92ECB09}.Release|Any CPU.Build.0 = Release|Any CPU
	EndGlobalSection
	GlobalSection(SolutionProperties) = preSolution
		HideSolutionNode = FALSE
	EndGlobalSection
	GlobalSection(ExtensibilityGlobals) = postSolution
		SolutionGuid = {A37AF06B-B567-4683-BA92-655A50B191FA}
	EndGlobalSection
EndGlobal
